
Microsoft Visual Studio Solution File, Format Version 12.00
# Visual Studio Version 16
VisualStudioVersion = 16.0.30011.22
MinimumVisualStudioVersion = 10.0.40219.1
Project("{FAE04EC0-301F-11D3-BF4B-00C04F79EFBC}") = "Contacto telefonico", "Contacto telefonico\Contacto telefonico.csproj", "{3D045ADC-3894-4BFA-8530-863DB89FB76A}"
EndProject
Global
	GlobalSection(SolutionConfigurationPlatforms) = preSolution
		Debug|Any CPU = Debug|Any CPU
		Release|Any CPU = Release|Any CPU
	EndGlobalSection
	GlobalSection(ProjectConfigurationPlatforms) = postSolution
		{3D045ADC-3894-4BFA-8530-863DB89FB76A}.Debug|Any CPU.ActiveCfg = Debug|Any CPU
		{3D045ADC-3894-4BFA-8530-863DB89FB76A}.Debug|Any CPU.Build.0 = Debug|Any CPU
		{3D045ADC-3894-4BFA-8530-863DB89FB76A}.Release|Any CPU.ActiveCfg = Release|Any CPU
		{3D045ADC-3894-4BFA-8530-863DB89FB76A}.Release|Any CPU.Build.0 = Release|Any CPU
	EndGlobalSection
	GlobalSection(SolutionProperties) = preSolution
		HideSolutionNode = FALSE
	EndGlobalSection
	GlobalSection(ExtensibilityGlobals) = postSolution
		SolutionGuid = {81CFC17E-0105-4BC4-8084-32CBF9878AA0}
	EndGlobalSection
EndGlobal
